<?xml version="1.0" encoding="utf-8"?>
<Project ToolsVersion="4.0" xmlns="http://schemas.microsoft.com/developer/msbuild/2003">
  <ItemGroup>
    <Filter Include="源文件">
      <UniqueIdentifier>{4FC737F1-C7A5-4376-A066-2A32D752A2FF}</UniqueIdentifier>
      <Extensions>cpp;c;cc;cxx;c++;cppm;ixx;def;odl;idl;hpj;bat;asm;asmx</Extensions>
    </Filter>
    <Filter Include="头文件">
      <UniqueIdentifier>{93995380-89BD-4b04-88EB-625FBE52EBFB}</UniqueIdentifier>
      <Extensions>h;hh;hpp;hxx;h++;hm;inl;inc;ipp;xsd</Extensions>
    </Filter>
    <Filter Include="资源文件">
      <UniqueIdentifier>{67DA6AB6-F800-4c08-8B7A-83BB121AAD01}</UniqueIdentifier>
      <Extensions>rc;ico;cur;bmp;dlg;rc2;rct;bin;rgs;gif;jpg;jpeg;jpe;resx;tiff;tif;png;wav;mfcribbon-ms</Extensions>
    </Filter>
  </ItemGroup>
  <ItemGroup>
    <ClCompile Include="5.最长回文判断.cpp">
      <Filter>源文件</Filter>
    </ClCompile>
    <ClCompile Include="6.N字形变换.cpp">
      <Filter>源文件</Filter>
    </ClCompile>
    <ClCompile Include="7.整数反转.cpp">
      <Filter>源文件</Filter>
    </ClCompile>
    <ClCompile Include="8.字符串转换整数 (atoi).cpp">
      <Filter>源文件</Filter>
    </ClCompile>
    <ClCompile Include="10.正则表达式匹配.cpp">
      <Filter>源文件</Filter>
    </ClCompile>
    <ClCompile Include="11. 盛最多水的容器.cpp">
      <Filter>源文件</Filter>
    </ClCompile>
    <ClCompile Include="12. 整数转罗马数字.cpp">
      <Filter>源文件</Filter>
    </ClCompile>
    <ClCompile Include="13罗马转整型.cpp">
      <Filter>源文件</Filter>
    </ClCompile>
    <ClCompile Include="14. 最长公共前缀.cpp">
      <Filter>源文件</Filter>
    </ClCompile>
    <ClCompile Include="15. 三数之和.cpp">
      <Filter>源文件</Filter>
    </ClCompile>
    <ClCompile Include="16. 最接近的三数之和.cpp">
      <Filter>源文件</Filter>
    </ClCompile>
    <ClCompile Include="17. 电话号码的字母组合.cpp">
      <Filter>源文件</Filter>
    </ClCompile>
    <ClCompile Include="18. 四数之和.cpp">
      <Filter>源文件</Filter>
    </ClCompile>
    <ClCompile Include="19. 删除链表的倒数第 N 个结点.cpp">
      <Filter>源文件</Filter>
    </ClCompile>
    <ClCompile Include="20. 有效的括号.cpp">
      <Filter>源文件</Filter>
    </ClCompile>
    <ClCompile Include="21. 合并两个有序链表.cpp">
      <Filter>源文件</Filter>
    </ClCompile>
    <ClCompile Include="22. 括号生成.cpp">
      <Filter>源文件</Filter>
    </ClCompile>
    <ClCompile Include="23. 合并 K 个升序链表.cpp">
      <Filter>源文件</Filter>
    </ClCompile>
    <ClCompile Include="24. 两两交换链表中的节点.cpp">
      <Filter>源文件</Filter>
    </ClCompile>
    <ClCompile Include="25. K 个一组翻转链表.cpp">
      <Filter>源文件</Filter>
    </ClCompile>
    <ClCompile Include="26. 删除有序数组中的重复项.cpp">
      <Filter>源文件</Filter>
    </ClCompile>
    <ClCompile Include="27. 移除元素.cpp">
      <Filter>源文件</Filter>
    </ClCompile>
    <ClCompile Include="28. 找出字符串中第一个匹配项的下标.cpp">
      <Filter>源文件</Filter>
    </ClCompile>
    <ClCompile Include="29. 两数相除.cpp">
      <Filter>源文件</Filter>
    </ClCompile>
    <ClCompile Include="30. 串联所有单词的子串.cpp">
      <Filter>源文件</Filter>
    </ClCompile>
    <ClCompile Include="31. 下一个排列.cpp">
      <Filter>源文件</Filter>
    </ClCompile>
    <ClCompile Include="32. 最长有效括号.cpp">
      <Filter>源文件</Filter>
    </ClCompile>
    <ClCompile Include="33. 搜索旋转排序数组.cpp">
      <Filter>源文件</Filter>
    </ClCompile>
    <ClCompile Include="34. 在排序数组中查找元素的第一个和最后一个位置.cpp">
      <Filter>源文件</Filter>
    </ClCompile>
    <ClCompile Include="36. 有效的数独.cpp">
      <Filter>源文件</Filter>
    </ClCompile>
    <ClCompile Include="37. 解数独.cpp">
      <Filter>源文件</Filter>
    </ClCompile>
    <ClCompile Include="38. 外观数列.cpp">
      <Filter>源文件</Filter>
    </ClCompile>
    <ClCompile Include="39. 组合总和.cpp">
      <Filter>源文件</Filter>
    </ClCompile>
    <ClCompile Include="40. 组合总和 II.cpp">
      <Filter>源文件</Filter>
    </ClCompile>
    <ClCompile Include="41. 缺失的第一个正数.cpp">
      <Filter>源文件</Filter>
    </ClCompile>
    <ClCompile Include="42. 接雨水.cpp">
      <Filter>源文件</Filter>
    </ClCompile>
    <ClCompile Include="44. 通配符匹配.cpp">
      <Filter>源文件</Filter>
    </ClCompile>
    <ClCompile Include="45. 跳跃游戏 II.cpp">
      <Filter>源文件</Filter>
    </ClCompile>
    <ClCompile Include="46. 全排列.cpp">
      <Filter>源文件</Filter>
    </ClCompile>
    <ClCompile Include="48. 旋转图像.cpp">
      <Filter>源文件</Filter>
    </ClCompile>
    <ClCompile Include="49. 字母异位词分组.cpp">
      <Filter>源文件</Filter>
    </ClCompile>
    <ClCompile Include="50. Pow%28x, n%29.cpp">
      <Filter>源文件</Filter>
    </ClCompile>
    <ClCompile Include="51. N 皇后.cpp">
      <Filter>源文件</Filter>
    </ClCompile>
  </ItemGroup>
  <ItemGroup>
    <ClInclude Include="headFile.h">
      <Filter>头文件</Filter>
    </ClInclude>
  </ItemGroup>
</Project>